
Microsoft Visual Studio Solution File, Format Version 12.00
# Visual Studio 15
VisualStudioVersion = 15.0.27130.2010
MinimumVisualStudioVersion = 10.0.40219.1
Project("{9A19103F-16F7-4668-BE54-9A1E7A4F7556}") = "YachtShop", "YachtShop\YachtShop.csproj", "{2351F5CE-5AC4-4B21-B8DC-93763CF1F230}"
EndProject
Global
	GlobalSection(SolutionConfigurationPlatforms) = preSolution
		Debug|Any CPU = Debug|Any CPU
		Release|Any CPU = Release|Any CPU
	EndGlobalSection
	GlobalSection(ProjectConfigurationPlatforms) = postSolution
		{2351F5CE-5AC4-4B21-B8DC-93763CF1F230}.Debug|Any CPU.ActiveCfg = Debug|Any CPU
		{2351F5CE-5AC4-4B21-B8DC-93763CF1F230}.Debug|Any CPU.Build.0 = Debug|Any CPU
		{2351F5CE-5AC4-4B21-B8DC-93763CF1F230}.Release|Any CPU.ActiveCfg = Release|Any CPU
		{2351F5CE-5AC4-4B21-B8DC-93763CF1F230}.Release|Any CPU.Build.0 = Release|Any CPU
	EndGlobalSection
	GlobalSection(SolutionProperties) = preSolution
		HideSolutionNode = FALSE
	EndGlobalSection
	GlobalSection(ExtensibilityGlobals) = postSolution
		SolutionGuid = {A24A38CC-5295-4464-803E-1E7810846634}
	EndGlobalSection
EndGlobal
