
Microsoft Visual Studio Solution File, Format Version 12.00
# Visual Studio 15
VisualStudioVersion = 15.0.27130.2010
MinimumVisualStudioVersion = 10.0.40219.1
Project("{FAE04EC0-301F-11D3-BF4B-00C04F79EFBC}") = "YachtShop", "YachtShop\YachtShop.csproj", "{BD3EDF05-2D1A-40C3-9766-479C0EA2495E}"
EndProject
Global
	GlobalSection(SolutionConfigurationPlatforms) = preSolution
		Debug|Any CPU = Debug|Any CPU
		Release|Any CPU = Release|Any CPU
	EndGlobalSection
	GlobalSection(ProjectConfigurationPlatforms) = postSolution
		{BD3EDF05-2D1A-40C3-9766-479C0EA2495E}.Debug|Any CPU.ActiveCfg = Debug|Any CPU
		{BD3EDF05-2D1A-40C3-9766-479C0EA2495E}.Debug|Any CPU.Build.0 = Debug|Any CPU
		{BD3EDF05-2D1A-40C3-9766-479C0EA2495E}.Release|Any CPU.ActiveCfg = Release|Any CPU
		{BD3EDF05-2D1A-40C3-9766-479C0EA2495E}.Release|Any CPU.Build.0 = Release|Any CPU
	EndGlobalSection
	GlobalSection(SolutionProperties) = preSolution
		HideSolutionNode = FALSE
	EndGlobalSection
	GlobalSection(ExtensibilityGlobals) = postSolution
		SolutionGuid = {61FC26D3-F916-4268-A50D-0F63113E1F40}
	EndGlobalSection
EndGlobal
